{
  "name": "metricflow",
  "version": "1.0.0-PRE",
  "lockfileVersion": 2,
  "requires": true,
  "packages": {
    "": {
      "name": "metricflow",
      "version": "1.0.0-PRE",
      "license": "Apache-2.0",
      "dependencies": {
        "metricflow": "^1.0.0-PRE"
      }
    },
    "node_modules/metricflow": {
      "version": "1.0.0-PRE",
      "resolved": "https://registry.npmjs.org/metricflow/-/metricflow-1.0.0-PRE.tgz",
      "integrity": "sha512-fEiTNTNG+b8ymIiRen8J04H/yen965acp8HIAcqr/4ykOD6KW+zAS+LBCwM9DV55r5fnufjA2fpfHIW4RssKqg=="
    }
  },
  "dependencies": {
    "metricflow": {
      "version": "1.0.0-PRE",
      "resolved": "https://registry.npmjs.org/metricflow/-/metricflow-1.0.0-PRE.tgz",
      "integrity": "sha512-fEiTNTNG+b8ymIiRen8J04H/yen965acp8HIAcqr/4ykOD6KW+zAS+LBCwM9DV55r5fnufjA2fpfHIW4RssKqg=="
    }
  }
}
